// !$*UTF8*$!
{
	archiveVersion = 1;
	classes = {
	};
	objectVersion = 50;
	objects = {

/* Begin PBXBuildFile section */
		C772B5D92301C60700329007 /* AppDelegate.swift in Sources */ = {isa = PBXBuildFile; fileRef = C772B5D82301C60700329007 /* AppDelegate.swift */; };
		C772B5DB2301C60700329007 /* ViewController.swift in Sources */ = {isa = PBXBuildFile; fileRef = C772B5DA2301C60700329007 /* ViewController.swift */; };
		C772B5DE2301C60700329007 /* Main.storyboard in Resources */ = {isa = PBXBuildFile; fileRef = C772B5DC2301C60700329007 /* Main.storyboard */; };
		C772B5E02301C60900329007 /* Assets.xcassets in Resources */ = {isa = PBXBuildFile; fileRef = C772B5DF2301C60900329007 /* Assets.xcassets */; };
		C772B5E32301C60900329007 /* LaunchScreen.storyboard in Resources */ = {isa = PBXBuildFile; fileRef = C772B5E12301C60900329007 /* LaunchScreen.storyboard */; };
		C772B5EE2301C60900329007 /* TimedTestTests.swift in Sources */ = {isa = PBXBuildFile; fileRef = C772B5ED2301C60900329007 /* TimedTestTests.swift */; };
		C772B5F92301C60900329007 /* TimedTestUITests.swift in Sources */ = {isa = PBXBuildFile; fileRef = C772B5F82301C60900329007 /* TimedTestUITests.swift */; };
		C772B6072301C7F900329007 /* Model.swift in Sources */ = {isa = PBXBuildFile; fileRef = C772B6062301C7F900329007 /* Model.swift */; };
		C772B6092301C80B00329007 /* Restaurant.swift in Sources */ = {isa = PBXBuildFile; fileRef = C772B6082301C80B00329007 /* Restaurant.swift */; };
		C772B60B2304484200329007 /* RestaurantMarker.swift in Sources */ = {isa = PBXBuildFile; fileRef = C772B60A2304484200329007 /* RestaurantMarker.swift */; };
		C772B60D2304990D00329007 /* RestaurantDetailScreen.storyboard in Resources */ = {isa = PBXBuildFile; fileRef = C772B60C2304990D00329007 /* RestaurantDetailScreen.storyboard */; };
		C772B60F23049D2700329007 /* RestaurantDetailScreenViewController.swift in Sources */ = {isa = PBXBuildFile; fileRef = C772B60E23049D2700329007 /* RestaurantDetailScreenViewController.swift */; };
		C772B61123055B8C00329007 /* ModelDelegate.swift in Sources */ = {isa = PBXBuildFile; fileRef = C772B61023055B8C00329007 /* ModelDelegate.swift */; };
		C799D9FE2320FA7C00EF0AB5 /* JsonData.swift in Sources */ = {isa = PBXBuildFile; fileRef = C799D9FD2320FA7C00EF0AB5 /* JsonData.swift */; };
/* End PBXBuildFile section */

/* Begin PBXContainerItemProxy section */
		C772B5EA2301C60900329007 /* PBXContainerItemProxy */ = {
			isa = PBXContainerItemProxy;
			containerPortal = C772B5CD2301C60700329007 /* Project object */;
			proxyType = 1;
			remoteGlobalIDString = C772B5D42301C60700329007;
			remoteInfo = omnifiTest;
		};
		C772B5F52301C60900329007 /* PBXContainerItemProxy */ = {
			isa = PBXContainerItemProxy;
			containerPortal = C772B5CD2301C60700329007 /* Project object */;
			proxyType = 1;
			remoteGlobalIDString = C772B5D42301C60700329007;
			remoteInfo = omnifiTest;
		};
/* End PBXContainerItemProxy section */

/* Begin PBXFileReference section */
		C772B5D52301C60700329007 /* TimedTest.app */ = {isa = PBXFileReference; explicitFileType = wrapper.application; includeInIndex = 0; path = TimedTest.app; sourceTree = BUILT_PRODUCTS_DIR; };
		C772B5D82301C60700329007 /* AppDelegate.swift */ = {isa = PBXFileReference; lastKnownFileType = sourcecode.swift; path = AppDelegate.swift; sourceTree = "<group>"; };
		C772B5DA2301C60700329007 /* ViewController.swift */ = {isa = PBXFileReference; lastKnownFileType = sourcecode.swift; path = ViewController.swift; sourceTree = "<group>"; };
		C772B5DD2301C60700329007 /* Base */ = {isa = PBXFileReference; lastKnownFileType = file.storyboard; name = Base; path = Base.lproj/Main.storyboard; sourceTree = "<group>"; };
		C772B5DF2301C60900329007 /* Assets.xcassets */ = {isa = PBXFileReference; lastKnownFileType = folder.assetcatalog; path = Assets.xcassets; sourceTree = "<group>"; };
		C772B5E22301C60900329007 /* Base */ = {isa = PBXFileReference; lastKnownFileType = file.storyboard; name = Base; path = Base.lproj/LaunchScreen.storyboard; sourceTree = "<group>"; };
		C772B5E42301C60900329007 /* Info.plist */ = {isa = PBXFileReference; lastKnownFileType = text.plist.xml; path = Info.plist; sourceTree = "<group>"; };
		C772B5E92301C60900329007 /* TimedTestTests.xctest */ = {isa = PBXFileReference; explicitFileType = wrapper.cfbundle; includeInIndex = 0; path = TimedTestTests.xctest; sourceTree = BUILT_PRODUCTS_DIR; };
		C772B5ED2301C60900329007 /* TimedTestTests.swift */ = {isa = PBXFileReference; lastKnownFileType = sourcecode.swift; path = TimedTestTests.swift; sourceTree = "<group>"; };
		C772B5EF2301C60900329007 /* Info.plist */ = {isa = PBXFileReference; lastKnownFileType = text.plist.xml; path = Info.plist; sourceTree = "<group>"; };
		C772B5F42301C60900329007 /* TimedTestUITests.xctest */ = {isa = PBXFileReference; explicitFileType = wrapper.cfbundle; includeInIndex = 0; path = TimedTestUITests.xctest; sourceTree = BUILT_PRODUCTS_DIR; };
		C772B5F82301C60900329007 /* TimedTestUITests.swift */ = {isa = PBXFileReference; lastKnownFileType = sourcecode.swift; path = TimedTestUITests.swift; sourceTree = "<group>"; };
		C772B5FA2301C60900329007 /* Info.plist */ = {isa = PBXFileReference; lastKnownFileType = text.plist.xml; path = Info.plist; sourceTree = "<group>"; };
		C772B6062301C7F900329007 /* Model.swift */ = {isa = PBXFileReference; lastKnownFileType = sourcecode.swift; path = Model.swift; sourceTree = "<group>"; };
		C772B6082301C80B00329007 /* Restaurant.swift */ = {isa = PBXFileReference; lastKnownFileType = sourcecode.swift; path = Restaurant.swift; sourceTree = "<group>"; };
		C772B60A2304484200329007 /* RestaurantMarker.swift */ = {isa = PBXFileReference; lastKnownFileType = sourcecode.swift; path = RestaurantMarker.swift; sourceTree = "<group>"; };
		C772B60C2304990D00329007 /* RestaurantDetailScreen.storyboard */ = {isa = PBXFileReference; lastKnownFileType = file.storyboard; path = RestaurantDetailScreen.storyboard; sourceTree = "<group>"; };
		C772B60E23049D2700329007 /* RestaurantDetailScreenViewController.swift */ = {isa = PBXFileReference; lastKnownFileType = sourcecode.swift; path = RestaurantDetailScreenViewController.swift; sourceTree = "<group>"; };
		C772B61023055B8C00329007 /* ModelDelegate.swift */ = {isa = PBXFileReference; lastKnownFileType = sourcecode.swift; path = ModelDelegate.swift; sourceTree = "<group>"; };
		C799D9FD2320FA7C00EF0AB5 /* JsonData.swift */ = {isa = PBXFileReference; lastKnownFileType = sourcecode.swift; path = JsonData.swift; sourceTree = "<group>"; };
/* End PBXFileReference section */

/* Begin PBXFrameworksBuildPhase section */
		C772B5D22301C60700329007 /* Frameworks */ = {
			isa = PBXFrameworksBuildPhase;
			buildActionMask = 2147483647;
			files = (
			);
			runOnlyForDeploymentPostprocessing = 0;
		};
		C772B5E62301C60900329007 /* Frameworks */ = {
			isa = PBXFrameworksBuildPhase;
			buildActionMask = 2147483647;
			files = (
			);
			runOnlyForDeploymentPostprocessing = 0;
		};
		C772B5F12301C60900329007 /* Frameworks */ = {
			isa = PBXFrameworksBuildPhase;
			buildActionMask = 2147483647;
			files = (
			);
			runOnlyForDeploymentPostprocessing = 0;
		};
/* End PBXFrameworksBuildPhase section */

/* Begin PBXGroup section */
		C772B5CC2301C60700329007 = {
			isa = PBXGroup;
			children = (
				C772B5D72301C60700329007 /* TimedTest */,
				C772B5EC2301C60900329007 /* TimedTestTests */,
				C772B5F72301C60900329007 /* TimedTestUITests */,
				C772B5D62301C60700329007 /* Products */,
			);
			sourceTree = "<group>";
		};
		C772B5D62301C60700329007 /* Products */ = {
			isa = PBXGroup;
			children = (
				C772B5D52301C60700329007 /* TimedTest.app */,
				C772B5E92301C60900329007 /* TimedTestTests.xctest */,
				C772B5F42301C60900329007 /* TimedTestUITests.xctest */,
			);
			name = Products;
			sourceTree = "<group>";
		};
		C772B5D72301C60700329007 /* TimedTest */ = {
			isa = PBXGroup;
			children = (
				C772B5D82301C60700329007 /* AppDelegate.swift */,
				C772B5DA2301C60700329007 /* ViewController.swift */,
				C772B5DC2301C60700329007 /* Main.storyboard */,
				C772B5DF2301C60900329007 /* Assets.xcassets */,
				C772B5E12301C60900329007 /* LaunchScreen.storyboard */,
				C772B5E42301C60900329007 /* Info.plist */,
				C772B6062301C7F900329007 /* Model.swift */,
				C772B6082301C80B00329007 /* Restaurant.swift */,
				C772B60A2304484200329007 /* RestaurantMarker.swift */,
				C772B60C2304990D00329007 /* RestaurantDetailScreen.storyboard */,
				C772B60E23049D2700329007 /* RestaurantDetailScreenViewController.swift */,
				C772B61023055B8C00329007 /* ModelDelegate.swift */,
				C799D9FD2320FA7C00EF0AB5 /* JsonData.swift */,
			);
			path = TimedTest;
			sourceTree = "<group>";
		};
		C772B5EC2301C60900329007 /* TimedTestTests */ = {
			isa = PBXGroup;
			children = (
				C772B5ED2301C60900329007 /* TimedTestTests.swift */,
				C772B5EF2301C60900329007 /* Info.plist */,
			);
			path = TimedTestTests;
			sourceTree = "<group>";
		};
		C772B5F72301C60900329007 /* TimedTestUITests */ = {
			isa = PBXGroup;
			children = (
				C772B5F82301C60900329007 /* TimedTestUITests.swift */,
				C772B5FA2301C60900329007 /* Info.plist */,
			);
			path = TimedTestUITests;
			sourceTree = "<group>";
		};
/* End PBXGroup section */

/* Begin PBXNativeTarget section */
		C772B5D42301C60700329007 /* TimedTest */ = {
			isa = PBXNativeTarget;
			buildConfigurationList = C772B5FD2301C60900329007 /* Build configuration list for PBXNativeTarget "TimedTest" */;
			buildPhases = (
				C772B5D12301C60700329007 /* Sources */,
				C772B5D22301C60700329007 /* Frameworks */,
				C772B5D32301C60700329007 /* Resources */,
			);
			buildRules = (
			);
			dependencies = (
			);
			name = TimedTest;
			productName = omnifiTest;
			productReference = C772B5D52301C60700329007 /* TimedTest.app */;
			productType = "com.apple.product-type.application";
		};
		C772B5E82301C60900329007 /* TimedTestTests */ = {
			isa = PBXNativeTarget;
			buildConfigurationList = C772B6002301C60900329007 /* Build configuration list for PBXNativeTarget "TimedTestTests" */;
			buildPhases = (
				C772B5E52301C60900329007 /* Sources */,
				C772B5E62301C60900329007 /* Frameworks */,
				C772B5E72301C60900329007 /* Resources */,
			);
			buildRules = (
			);
			dependencies = (
				C772B5EB2301C60900329007 /* PBXTargetDependency */,
			);
			name = TimedTestTests;
			productName = omnifiTestTests;
			productReference = C772B5E92301C60900329007 /* TimedTestTests.xctest */;
			productType = "com.apple.product-type.bundle.unit-test";
		};
		C772B5F32301C60900329007 /* TimedTestUITests */ = {
			isa = PBXNativeTarget;
			buildConfigurationList = C772B6032301C60900329007 /* Build configuration list for PBXNativeTarget "TimedTestUITests" */;
			buildPhases = (
				C772B5F02301C60900329007 /* Sources */,
				C772B5F12301C60900329007 /* Frameworks */,
				C772B5F22301C60900329007 /* Resources */,
			);
			buildRules = (
			);
			dependencies = (
				C772B5F62301C60900329007 /* PBXTargetDependency */,
			);
			name = TimedTestUITests;
			productName = omnifiTestUITests;
			productReference = C772B5F42301C60900329007 /* TimedTestUITests.xctest */;
			productType = "com.apple.product-type.bundle.ui-testing";
		};
/* End PBXNativeTarget section */

/* Begin PBXProject section */
		C772B5CD2301C60700329007 /* Project object */ = {
			isa = PBXProject;
			attributes = {
				LastSwiftUpdateCheck = 1030;
				LastUpgradeCheck = 1030;
				ORGANIZATIONNAME = "Nikolaus Banjo 07729431578";
				TargetAttributes = {
					C772B5D42301C60700329007 = {
						CreatedOnToolsVersion = 10.3;
					};
					C772B5E82301C60900329007 = {
						CreatedOnToolsVersion = 10.3;
						TestTargetID = C772B5D42301C60700329007;
					};
					C772B5F32301C60900329007 = {
						CreatedOnToolsVersion = 10.3;
						TestTargetID = C772B5D42301C60700329007;
					};
				};
			};
			buildConfigurationList = C772B5D02301C60700329007 /* Build configuration list for PBXProject "TimedTest" */;
			compatibilityVersion = "Xcode 9.3";
			developmentRegion = en;
			hasScannedForEncodings = 0;
			knownRegions = (
				en,
				Base,
			);
			mainGroup = C772B5CC2301C60700329007;
			productRefGroup = C772B5D62301C60700329007 /* Products */;
			projectDirPath = "";
			projectRoot = "";
			targets = (
				C772B5D42301C60700329007 /* TimedTest */,
				C772B5E82301C60900329007 /* TimedTestTests */,
				C772B5F32301C60900329007 /* TimedTestUITests */,
			);
		};
/* End PBXProject section */

/* Begin PBXResourcesBuildPhase section */
		C772B5D32301C60700329007 /* Resources */ = {
			isa = PBXResourcesBuildPhase;
			buildActionMask = 2147483647;
			files = (
				C772B60D2304990D00329007 /* RestaurantDetailScreen.storyboard in Resources */,
				C772B5E32301C60900329007 /* LaunchScreen.storyboard in Resources */,
				C772B5E02301C60900329007 /* Assets.xcassets in Resources */,
				C772B5DE2301C60700329007 /* Main.storyboard in Resources */,
			);
			runOnlyForDeploymentPostprocessing = 0;
		};
		C772B5E72301C60900329007 /* Resources */ = {
			isa = PBXResourcesBuildPhase;
			buildActionMask = 2147483647;
			files = (
			);
			runOnlyForDeploymentPostprocessing = 0;
		};
		C772B5F22301C60900329007 /* Resources */ = {
			isa = PBXResourcesBuildPhase;
			buildActionMask = 2147483647;
			files = (
			);
			runOnlyForDeploymentPostprocessing = 0;
		};
/* End PBXResourcesBuildPhase section */

/* Begin PBXSourcesBuildPhase section */
		C772B5D12301C60700329007 /* Sources */ = {
			isa = PBXSourcesBuildPhase;
			buildActionMask = 2147483647;
			files = (
				C772B6092301C80B00329007 /* Restaurant.swift in Sources */,
				C772B60B2304484200329007 /* RestaurantMarker.swift in Sources */,
				C772B60F23049D2700329007 /* RestaurantDetailScreenViewController.swift in Sources */,
				C772B6072301C7F900329007 /* Model.swift in Sources */,
				C772B5DB2301C60700329007 /* ViewController.swift in Sources */,
				C799D9FE2320FA7C00EF0AB5 /* JsonData.swift in Sources */,
				C772B61123055B8C00329007 /* ModelDelegate.swift in Sources */,
				C772B5D92301C60700329007 /* AppDelegate.swift in Sources */,
			);
			runOnlyForDeploymentPostprocessing = 0;
		};
		C772B5E52301C60900329007 /* Sources */ = {
			isa = PBXSourcesBuildPhase;
			buildActionMask = 2147483647;
			files = (
				C772B5EE2301C60900329007 /* TimedTestTests.swift in Sources */,
			);
			runOnlyForDeploymentPostprocessing = 0;
		};
		C772B5F02301C60900329007 /* Sources */ = {
			isa = PBXSourcesBuildPhase;
			buildActionMask = 2147483647;
			files = (
				C772B5F92301C60900329007 /* TimedTestUITests.swift in Sources */,
			);
			runOnlyForDeploymentPostprocessing = 0;
		};
/* End PBXSourcesBuildPhase section */

/* Begin PBXTargetDependency section */
		C772B5EB2301C60900329007 /* PBXTargetDependency */ = {
			isa = PBXTargetDependency;
			target = C772B5D42301C60700329007 /* TimedTest */;
			targetProxy = C772B5EA2301C60900329007 /* PBXContainerItemProxy */;
		};
		C772B5F62301C60900329007 /* PBXTargetDependency */ = {
			isa = PBXTargetDependency;
			target = C772B5D42301C60700329007 /* TimedTest */;
			targetProxy = C772B5F52301C60900329007 /* PBXContainerItemProxy */;
		};
/* End PBXTargetDependency section */

/* Begin PBXVariantGroup section */
		C772B5DC2301C60700329007 /* Main.storyboard */ = {
			isa = PBXVariantGroup;
			children = (
				C772B5DD2301C60700329007 /* Base */,
			);
			name = Main.storyboard;
			sourceTree = "<group>";
		};
		C772B5E12301C60900329007 /* LaunchScreen.storyboard */ = {
			isa = PBXVariantGroup;
			children = (
				C772B5E22301C60900329007 /* Base */,
			);
			name = LaunchScreen.storyboard;
			sourceTree = "<group>";
		};
/* End PBXVariantGroup section */

/* Begin XCBuildConfiguration section */
		C772B5FB2301C60900329007 /* Debug */ = {
			isa = XCBuildConfiguration;
			buildSettings = {
				ALWAYS_SEARCH_USER_PATHS = NO;
				CLANG_ANALYZER_NONNULL = YES;
				CLANG_ANALYZER_NUMBER_OBJECT_CONVERSION = YES_AGGRESSIVE;
				CLANG_CXX_LANGUAGE_STANDARD = "gnu++14";
				CLANG_CXX_LIBRARY = "libc++";
				CLANG_ENABLE_MODULES = YES;
				CLANG_ENABLE_OBJC_ARC = YES;
				CLANG_ENABLE_OBJC_WEAK = YES;
				CLANG_WARN_BLOCK_CAPTURE_AUTORELEASING = YES;
				CLANG_WARN_BOOL_CONVERSION = YES;
				CLANG_WARN_COMMA = YES;
				CLANG_WARN_CONSTANT_CONVERSION = YES;
				CLANG_WARN_DEPRECATED_OBJC_IMPLEMENTATIONS = YES;
				CLANG_WARN_DIRECT_OBJC_ISA_USAGE = YES_ERROR;
				CLANG_WARN_DOCUMENTATION_COMMENTS = YES;
				CLANG_WARN_EMPTY_BODY = YES;
				CLANG_WARN_ENUM_CONVERSION = YES;
				CLANG_WARN_INFINITE_RECURSION = YES;
				CLANG_WARN_INT_CONVERSION = YES;
				CLANG_WARN_NON_LITERAL_NULL_CONVERSION = YES;
				CLANG_WARN_OBJC_IMPLICIT_RETAIN_SELF = YES;
				CLANG_WARN_OBJC_LITERAL_CONVERSION = YES;
				CLANG_WARN_OBJC_ROOT_CLASS = YES_ERROR;
				CLANG_WARN_RANGE_LOOP_ANALYSIS = YES;
				CLANG_WARN_STRICT_PROTOTYPES = YES;
				CLANG_WARN_SUSPICIOUS_MOVE = YES;
				CLANG_WARN_UNGUARDED_AVAILABILITY = YES_AGGRESSIVE;
				CLANG_WARN_UNREACHABLE_CODE = YES;
				CLANG_WARN__DUPLICATE_METHOD_MATCH = YES;
				CODE_SIGN_IDENTITY = "iPhone Developer";
				COPY_PHASE_STRIP = NO;
				DEBUG_INFORMATION_FORMAT = dwarf;
				ENABLE_STRICT_OBJC_MSGSEND = YES;
				ENABLE_TESTABILITY = YES;
				GCC_C_LANGUAGE_STANDARD = gnu11;
				GCC_DYNAMIC_NO_PIC = NO;
				GCC_NO_COMMON_BLOCKS = YES;
				GCC_OPTIMIZATION_LEVEL = 0;
				GCC_PREPROCESSOR_DEFINITIONS = (
					"DEBUG=1",
					"$(inherited)",
				);
				GCC_WARN_64_TO_32_BIT_CONVERSION = YES;
				GCC_WARN_ABOUT_RETURN_TYPE = YES_ERROR;
				GCC_WARN_UNDECLARED_SELECTOR = YES;
				GCC_WARN_UNINITIALIZED_AUTOS = YES_AGGRESSIVE;
				GCC_WARN_UNUSED_FUNCTION = YES;
				GCC_WARN_UNUSED_VARIABLE = YES;
				IPHONEOS_DEPLOYMENT_TARGET = 12.4;
				MTL_ENABLE_DEBUG_INFO = INCLUDE_SOURCE;
				MTL_FAST_MATH = YES;
				ONLY_ACTIVE_ARCH = YES;
				SDKROOT = iphoneos;
				SWIFT_ACTIVE_COMPILATION_CONDITIONS = DEBUG;
				SWIFT_OPTIMIZATION_LEVEL = "-Onone";
			};
			name = Debug;
		};
		C772B5FC2301C60900329007 /* Release */ = {
			isa = XCBuildConfiguration;
			buildSettings = {
				ALWAYS_SEARCH_USER_PATHS = NO;
				CLANG_ANALYZER_NONNULL = YES;
				CLANG_ANALYZER_NUMBER_OBJECT_CONVERSION = YES_AGGRESSIVE;
				CLANG_CXX_LANGUAGE_STANDARD = "gnu++14";
				CLANG_CXX_LIBRARY = "libc++";
				CLANG_ENABLE_MODULES = YES;
				CLANG_ENABLE_OBJC_ARC = YES;
				CLANG_ENABLE_OBJC_WEAK = YES;
				CLANG_WARN_BLOCK_CAPTURE_AUTORELEASING = YES;
				CLANG_WARN_BOOL_CONVERSION = YES;
				CLANG_WARN_COMMA = YES;
				CLANG_WARN_CONSTANT_CONVERSION = YES;
				CLANG_WARN_DEPRECATED_OBJC_IMPLEMENTATIONS = YES;
				CLANG_WARN_DIRECT_OBJC_ISA_USAGE = YES_ERROR;
				CLANG_WARN_DOCUMENTATION_COMMENTS = YES;
				CLANG_WARN_EMPTY_BODY = YES;
				CLANG_WARN_ENUM_CONVERSION = YES;
				CLANG_WARN_INFINITE_RECURSION = YES;
				CLANG_WARN_INT_CONVERSION = YES;
				CLANG_WARN_NON_LITERAL_NULL_CONVERSION = YES;
				CLANG_WARN_OBJC_IMPLICIT_RETAIN_SELF = YES;
				CLANG_WARN_OBJC_LITERAL_CONVERSION = YES;
				CLANG_WARN_OBJC_ROOT_CLASS = YES_ERROR;
				CLANG_WARN_RANGE_LOOP_ANALYSIS = YES;
				CLANG_WARN_STRICT_PROTOTYPES = YES;
				CLANG_WARN_SUSPICIOUS_MOVE = YES;
				CLANG_WARN_UNGUARDED_AVAILABILITY = YES_AGGRESSIVE;
				CLANG_WARN_UNREACHABLE_CODE = YES;
				CLANG_WARN__DUPLICATE_METHOD_MATCH = YES;
				CODE_SIGN_IDENTITY = "iPhone Developer";
				COPY_PHASE_STRIP = NO;
				DEBUG_INFORMATION_FORMAT = "dwarf-with-dsym";
				ENABLE_NS_ASSERTIONS = NO;
				ENABLE_STRICT_OBJC_MSGSEND = YES;
				GCC_C_LANGUAGE_STANDARD = gnu11;
				GCC_NO_COMMON_BLOCKS = YES;
				GCC_WARN_64_TO_32_BIT_CONVERSION = YES;
				GCC_WARN_ABOUT_RETURN_TYPE = YES_ERROR;
				GCC_WARN_UNDECLARED_SELECTOR = YES;
				GCC_WARN_UNINITIALIZED_AUTOS = YES_AGGRESSIVE;
				GCC_WARN_UNUSED_FUNCTION = YES;
				GCC_WARN_UNUSED_VARIABLE = YES;
				IPHONEOS_DEPLOYMENT_TARGET = 12.4;
				MTL_ENABLE_DEBUG_INFO = NO;
				MTL_FAST_MATH = YES;
				SDKROOT = iphoneos;
				SWIFT_COMPILATION_MODE = wholemodule;
				SWIFT_OPTIMIZATION_LEVEL = "-O";
				VALIDATE_PRODUCT = YES;
			};
			name = Release;
		};
		C772B5FE2301C60900329007 /* Debug */ = {
			isa = XCBuildConfiguration;
			buildSettings = {
				ASSETCATALOG_COMPILER_APPICON_NAME = AppIcon;
				CODE_SIGN_STYLE = Automatic;
				DEVELOPMENT_TEAM = 26Y63S83A9;
				INFOPLIST_FILE = TimedTest/Info.plist;
				IPHONEOS_DEPLOYMENT_TARGET = 9.0;
				LD_RUNPATH_SEARCH_PATHS = (
					"$(inherited)",
					"@executable_path/Frameworks",
				);
				PRODUCT_BUNDLE_IDENTIFIER = nikolaus.TimedTest;
				PRODUCT_NAME = "$(TARGET_NAME)";
				SWIFT_VERSION = 5.0;
				TARGETED_DEVICE_FAMILY = 1;
			};
			name = Debug;
		};
		C772B5FF2301C60900329007 /* Release */ = {
			isa = XCBuildConfiguration;
			buildSettings = {
				ASSETCATALOG_COMPILER_APPICON_NAME = AppIcon;
				CODE_SIGN_STYLE = Automatic;
				DEVELOPMENT_TEAM = 26Y63S83A9;
				INFOPLIST_FILE = TimedTest/Info.plist;
				IPHONEOS_DEPLOYMENT_TARGET = 9.0;
				LD_RUNPATH_SEARCH_PATHS = (
					"$(inherited)",
					"@executable_path/Frameworks",
				);
				PRODUCT_BUNDLE_IDENTIFIER = nikolaus.TimedTest;
				PRODUCT_NAME = "$(TARGET_NAME)";
				SWIFT_VERSION = 5.0;
				TARGETED_DEVICE_FAMILY = 1;
			};
			name = Release;
		};
		C772B6012301C60900329007 /* Debug */ = {
			isa = XCBuildConfiguration;
			buildSettings = {
				ALWAYS_EMBED_SWIFT_STANDARD_LIBRARIES = YES;
				BUNDLE_LOADER = "$(TEST_HOST)";
				CODE_SIGN_STYLE = Automatic;
				DEVELOPMENT_TEAM = 26Y63S83A9;
				INFOPLIST_FILE = TimedTestTests/Info.plist;
				LD_RUNPATH_SEARCH_PATHS = (
					"$(inherited)",
					"@executable_path/Frameworks",
					"@loader_path/Frameworks",
				);
				PRODUCT_BUNDLE_IDENTIFIER = nikolaus.TimedTestTests;
				PRODUCT_NAME = "$(TARGET_NAME)";
				SWIFT_VERSION = 5.0;
				TARGETED_DEVICE_FAMILY = "1,2";
				TEST_HOST = "$(BUILT_PRODUCTS_DIR)/TimedTest.app/TimedTest";
			};
			name = Debug;
		};
		C772B6022301C60900329007 /* Release */ = {
			isa = XCBuildConfiguration;
			buildSettings = {
				ALWAYS_EMBED_SWIFT_STANDARD_LIBRARIES = YES;
				BUNDLE_LOADER = "$(TEST_HOST)";
				CODE_SIGN_STYLE = Automatic;
				DEVELOPMENT_TEAM = 26Y63S83A9;
				INFOPLIST_FILE = TimedTestTests/Info.plist;
				LD_RUNPATH_SEARCH_PATHS = (
					"$(inherited)",
					"@executable_path/Frameworks",
					"@loader_path/Frameworks",
				);
				PRODUCT_BUNDLE_IDENTIFIER = nikolaus.TimedTestTests;
				PRODUCT_NAME = "$(TARGET_NAME)";
				SWIFT_VERSION = 5.0;
				TARGETED_DEVICE_FAMILY = "1,2";
				TEST_HOST = "$(BUILT_PRODUCTS_DIR)/TimedTest.app/TimedTest";
			};
			name = Release;
		};
		C772B6042301C60900329007 /* Debug */ = {
			isa = XCBuildConfiguration;
			buildSettings = {
				ALWAYS_EMBED_SWIFT_STANDARD_LIBRARIES = YES;
				CODE_SIGN_STYLE = Automatic;
				DEVELOPMENT_TEAM = 26Y63S83A9;
				INFOPLIST_FILE = TimedTestUITests/Info.plist;
				LD_RUNPATH_SEARCH_PATHS = (
					"$(inherited)",
					"@executable_path/Frameworks",
					"@loader_path/Frameworks",
				);
				PRODUCT_BUNDLE_IDENTIFIER = nikolaus.TimedTestUITests;
				PRODUCT_NAME = "$(TARGET_NAME)";
				SWIFT_VERSION = 5.0;
				TARGETED_DEVICE_FAMILY = "1,2";
				TEST_TARGET_NAME = TimedTest;
			};
			name = Debug;
		};
		C772B6052301C60900329007 /* Release */ = {
			isa = XCBuildConfiguration;
			buildSettings = {
				ALWAYS_EMBED_SWIFT_STANDARD_LIBRARIES = YES;
				CODE_SIGN_STYLE = Automatic;
				DEVELOPMENT_TEAM = 26Y63S83A9;
				INFOPLIST_FILE = TimedTestUITests/Info.plist;
				LD_RUNPATH_SEARCH_PATHS = (
					"$(inherited)",
					"@executable_path/Frameworks",
					"@loader_path/Frameworks",
				);
				PRODUCT_BUNDLE_IDENTIFIER = nikolaus.TimedTestUITests;
				PRODUCT_NAME = "$(TARGET_NAME)";
				SWIFT_VERSION = 5.0;
				TARGETED_DEVICE_FAMILY = "1,2";
				TEST_TARGET_NAME = TimedTest;
			};
			name = Release;
		};
/* End XCBuildConfiguration section */

/* Begin XCConfigurationList section */
		C772B5D02301C60700329007 /* Build configuration list for PBXProject "TimedTest" */ = {
			isa = XCConfigurationList;
			buildConfigurations = (
				C772B5FB2301C60900329007 /* Debug */,
				C772B5FC2301C60900329007 /* Release */,
			);
			defaultConfigurationIsVisible = 0;
			defaultConfigurationName = Release;
		};
		C772B5FD2301C60900329007 /* Build configuration list for PBXNativeTarget "TimedTest" */ = {
			isa = XCConfigurationList;
			buildConfigurations = (
				C772B5FE2301C60900329007 /* Debug */,
				C772B5FF2301C60900329007 /* Release */,
			);
			defaultConfigurationIsVisible = 0;
			defaultConfigurationName = Release;
		};
		C772B6002301C60900329007 /* Build configuration list for PBXNativeTarget "TimedTestTests" */ = {
			isa = XCConfigurationList;
			buildConfigurations = (
				C772B6012301C60900329007 /* Debug */,
				C772B6022301C60900329007 /* Release */,
			);
			defaultConfigurationIsVisible = 0;
			defaultConfigurationName = Release;
		};
		C772B6032301C60900329007 /* Build configuration list for PBXNativeTarget "TimedTestUITests" */ = {
			isa = XCConfigurationList;
			buildConfigurations = (
				C772B6042301C60900329007 /* Debug */,
				C772B6052301C60900329007 /* Release */,
			);
			defaultConfigurationIsVisible = 0;
			defaultConfigurationName = Release;
		};
/* End XCConfigurationList section */
	};
	rootObject = C772B5CD2301C60700329007 /* Project object */;
}
